
Microsoft Visual Studio Solution File, Format Version 12.00
# Visual Studio 15
VisualStudioVersion = 15.0.26430.16
MinimumVisualStudioVersion = 10.0.40219.1
Project("{FAE04EC0-301F-11D3-BF4B-00C04F79EFBC}") = "Hangfire_Learning", "Hangfire_Learning\Hangfire_Learning.csproj", "{D4D5A271-625E-4B6B-850B-D120A1BDA2F2}"
EndProject
Project("{FAE04EC0-301F-11D3-BF4B-00C04F79EFBC}") = "WebDEMO", "WebDEMO\WebDEMO.csproj", "{34EAEF60-FE38-4E4C-81CC-360A93DDAA07}"
EndProject
Project("{FAE04EC0-301F-11D3-BF4B-00C04F79EFBC}") = "Common", "Common\Common.csproj", "{50CAD14F-D605-45DF-8A68-E067E243EB98}"
EndProject
Global
	GlobalSection(SolutionConfigurationPlatforms) = preSolution
		Debug|Any CPU = Debug|Any CPU
		Debug|ARM = Debug|ARM
		Debug|x64 = Debug|x64
		Debug|x86 = Debug|x86
		Release|Any CPU = Release|Any CPU
		Release|ARM = Release|ARM
		Release|x64 = Release|x64
		Release|x86 = Release|x86
	EndGlobalSection
	GlobalSection(ProjectConfigurationPlatforms) = postSolution
		{D4D5A271-625E-4B6B-850B-D120A1BDA2F2}.Debug|Any CPU.ActiveCfg = Debug|Any CPU
		{D4D5A271-625E-4B6B-850B-D120A1BDA2F2}.Debug|Any CPU.Build.0 = Debug|Any CPU
		{D4D5A271-625E-4B6B-850B-D120A1BDA2F2}.Debug|ARM.ActiveCfg = Debug|Any CPU
		{D4D5A271-625E-4B6B-850B-D120A1BDA2F2}.Debug|ARM.Build.0 = Debug|Any CPU
		{D4D5A271-625E-4B6B-850B-D120A1BDA2F2}.Debug|x64.ActiveCfg = Debug|Any CPU
		{D4D5A271-625E-4B6B-850B-D120A1BDA2F2}.Debug|x64.Build.0 = Debug|Any CPU
		{D4D5A271-625E-4B6B-850B-D120A1BDA2F2}.Debug|x86.ActiveCfg = Debug|Any CPU
		{D4D5A271-625E-4B6B-850B-D120A1BDA2F2}.Debug|x86.Build.0 = Debug|Any CPU
		{D4D5A271-625E-4B6B-850B-D120A1BDA2F2}.Release|Any CPU.ActiveCfg = Release|Any CPU
		{D4D5A271-625E-4B6B-850B-D120A1BDA2F2}.Release|Any CPU.Build.0 = Release|Any CPU
		{D4D5A271-625E-4B6B-850B-D120A1BDA2F2}.Release|ARM.ActiveCfg = Release|Any CPU
		{D4D5A271-625E-4B6B-850B-D120A1BDA2F2}.Release|ARM.Build.0 = Release|Any CPU
		{D4D5A271-625E-4B6B-850B-D120A1BDA2F2}.Release|x64.ActiveCfg = Release|Any CPU
		{D4D5A271-625E-4B6B-850B-D120A1BDA2F2}.Release|x64.Build.0 = Release|Any CPU
		{D4D5A271-625E-4B6B-850B-D120A1BDA2F2}.Release|x86.ActiveCfg = Release|Any CPU
		{D4D5A271-625E-4B6B-850B-D120A1BDA2F2}.Release|x86.Build.0 = Release|Any CPU
		{34EAEF60-FE38-4E4C-81CC-360A93DDAA07}.Debug|Any CPU.ActiveCfg = Debug|Any CPU
		{34EAEF60-FE38-4E4C-81CC-360A93DDAA07}.Debug|Any CPU.Build.0 = Debug|Any CPU
		{34EAEF60-FE38-4E4C-81CC-360A93DDAA07}.Debug|ARM.ActiveCfg = Debug|Any CPU
		{34EAEF60-FE38-4E4C-81CC-360A93DDAA07}.Debug|ARM.Build.0 = Debug|Any CPU
		{34EAEF60-FE38-4E4C-81CC-360A93DDAA07}.Debug|x64.ActiveCfg = Debug|Any CPU
		{34EAEF60-FE38-4E4C-81CC-360A93DDAA07}.Debug|x64.Build.0 = Debug|Any CPU
		{34EAEF60-FE38-4E4C-81CC-360A93DDAA07}.Debug|x86.ActiveCfg = Debug|Any CPU
		{34EAEF60-FE38-4E4C-81CC-360A93DDAA07}.Debug|x86.Build.0 = Debug|Any CPU
		{34EAEF60-FE38-4E4C-81CC-360A93DDAA07}.Release|Any CPU.ActiveCfg = Release|Any CPU
		{34EAEF60-FE38-4E4C-81CC-360A93DDAA07}.Release|Any CPU.Build.0 = Release|Any CPU
		{34EAEF60-FE38-4E4C-81CC-360A93DDAA07}.Release|ARM.ActiveCfg = Release|Any CPU
		{34EAEF60-FE38-4E4C-81CC-360A93DDAA07}.Release|ARM.Build.0 = Release|Any CPU
		{34EAEF60-FE38-4E4C-81CC-360A93DDAA07}.Release|x64.ActiveCfg = Release|Any CPU
		{34EAEF60-FE38-4E4C-81CC-360A93DDAA07}.Release|x64.Build.0 = Release|Any CPU
		{34EAEF60-FE38-4E4C-81CC-360A93DDAA07}.Release|x86.ActiveCfg = Release|Any CPU
		{34EAEF60-FE38-4E4C-81CC-360A93DDAA07}.Release|x86.Build.0 = Release|Any CPU
		{50CAD14F-D605-45DF-8A68-E067E243EB98}.Debug|Any CPU.ActiveCfg = Debug|Any CPU
		{50CAD14F-D605-45DF-8A68-E067E243EB98}.Debug|Any CPU.Build.0 = Debug|Any CPU
		{50CAD14F-D605-45DF-8A68-E067E243EB98}.Debug|ARM.ActiveCfg = Debug|Any CPU
		{50CAD14F-D605-45DF-8A68-E067E243EB98}.Debug|ARM.Build.0 = Debug|Any CPU
		{50CAD14F-D605-45DF-8A68-E067E243EB98}.Debug|x64.ActiveCfg = Debug|Any CPU
		{50CAD14F-D605-45DF-8A68-E067E243EB98}.Debug|x64.Build.0 = Debug|Any CPU
		{50CAD14F-D605-45DF-8A68-E067E243EB98}.Debug|x86.ActiveCfg = Debug|Any CPU
		{50CAD14F-D605-45DF-8A68-E067E243EB98}.Debug|x86.Build.0 = Debug|Any CPU
		{50CAD14F-D605-45DF-8A68-E067E243EB98}.Release|Any CPU.ActiveCfg = Release|Any CPU
		{50CAD14F-D605-45DF-8A68-E067E243EB98}.Release|Any CPU.Build.0 = Release|Any CPU
		{50CAD14F-D605-45DF-8A68-E067E243EB98}.Release|ARM.ActiveCfg = Release|Any CPU
		{50CAD14F-D605-45DF-8A68-E067E243EB98}.Release|ARM.Build.0 = Release|Any CPU
		{50CAD14F-D605-45DF-8A68-E067E243EB98}.Release|x64.ActiveCfg = Release|Any CPU
		{50CAD14F-D605-45DF-8A68-E067E243EB98}.Release|x64.Build.0 = Release|Any CPU
		{50CAD14F-D605-45DF-8A68-E067E243EB98}.Release|x86.ActiveCfg = Release|Any CPU
		{50CAD14F-D605-45DF-8A68-E067E243EB98}.Release|x86.Build.0 = Release|Any CPU
	EndGlobalSection
	GlobalSection(SolutionProperties) = preSolution
		HideSolutionNode = FALSE
	EndGlobalSection
EndGlobal
